{
    "_readme": [
        "This file locks the dependencies of your project to a known state",
        "Read more about it at https://getcomposer.org/doc/01-basic-usage.md#installing-dependencies",
        "This file is @generated automatically"
    ],
    "content-hash": "e02219c3aa141eca34b91ceec6149459",
    "packages": [
        {
            "name": "cocur/slugify",
            "version": "v3.2",
            "source": {
                "type": "git",
                "url": "https://github.com/cocur/slugify.git",
                "reference": "d41701efe58ba2df9cae029c3d21e1518cc6780e"
            },
            "dist": {
                "type": "zip",
                "url": "https://api.github.com/repos/cocur/slugify/zipball/d41701efe58ba2df9cae029c3d21e1518cc6780e",
                "reference": "d41701efe58ba2df9cae029c3d21e1518cc6780e",
                "shasum": ""
            },
            "require": {
                "ext-mbstring": "*",
                "php": ">=5.5.9"
            },
            "require-dev": {
                "laravel/framework": "~5.1",
                "latte/latte": "~2.2",
                "league/container": "^2.2.0",
                "mikey179/vfsstream": "~1.6",
                "mockery/mockery": "~0.9",
                "nette/di": "~2.2",
                "phpunit/phpunit": "~4.8.36|~5.2",
                "pimple/pimple": "~1.1",
                "plumphp/plum": "~0.1",
                "silex/silex": "~1.3",
                "symfony/config": "~2.4|~3.0|~4.0",
                "symfony/dependency-injection": "~2.4|~3.0|~4.0",
                "symfony/http-kernel": "~2.4|~3.0|~4.0",
                "twig/twig": "~1.26|~2.0",
                "zendframework/zend-modulemanager": "~2.2",
                "zendframework/zend-servicemanager": "~2.2",
                "zendframework/zend-view": "~2.2"
            },
            "type": "library",
            "autoload": {
                "psr-4": {
                    "Cocur\\Slugify\\": "src"
                }
            },
            "notification-url": "https://packagist.org/downloads/",
            "license": [
                "MIT"
            ],
            "authors": [
                {
                    "name": "Ivo Bathke",
                    "email": "ivo.bathke@gmail.com"
                },
                {
                    "name": "Florian Eckerstorfer",
                    "email": "florian@eckerstorfer.co",
                    "homepage": "https://florian.ec"
                }
            ],
            "description": "Converts a string into a slug.",
            "keywords": [
                "slug",
                "slugify"
            ],
            "support": {
                "issues": "https://github.com/cocur/slugify/issues",
                "source": "https://github.com/cocur/slugify/tree/master"
            },
            "time": "2019-01-31T20:38:55+00:00"
        },
        {
            "name": "monolog/monolog",
            "version": "1.26.1",
            "source": {
                "type": "git",
                "url": "https://github.com/Seldaek/monolog.git",
                "reference": "c6b00f05152ae2c9b04a448f99c7590beb6042f5"
            },
            "dist": {
                "type": "zip",
                "url": "https://api.github.com/repos/Seldaek/monolog/zipball/c6b00f05152ae2c9b04a448f99c7590beb6042f5",
                "reference": "c6b00f05152ae2c9b04a448f99c7590beb6042f5",
                "shasum": ""
            },
            "require": {
                "php": ">=5.3.0",
                "psr/log": "~1.0"
            },
            "provide": {
                "psr/log-implementation": "1.0.0"
            },
            "require-dev": {
                "aws/aws-sdk-php": "^2.4.9 || ^3.0",
                "doctrine/couchdb": "~1.0@dev",
                "graylog2/gelf-php": "~1.0",
                "php-amqplib/php-amqplib": "~2.4",
                "php-console/php-console": "^3.1.3",
                "phpstan/phpstan": "^0.12.59",
                "phpunit/phpunit": "~4.5",
                "ruflin/elastica": ">=0.90 <3.0",
                "sentry/sentry": "^0.13",
                "swiftmailer/swiftmailer": "^5.3|^6.0"
            },
            "suggest": {
                "aws/aws-sdk-php": "Allow sending log messages to AWS services like DynamoDB",
                "doctrine/couchdb": "Allow sending log messages to a CouchDB server",
                "ext-amqp": "Allow sending log messages to an AMQP server (1.0+ required)",
                "ext-mongo": "Allow sending log messages to a MongoDB server",
                "graylog2/gelf-php": "Allow sending log messages to a GrayLog2 server",
                "mongodb/mongodb": "Allow sending log messages to a MongoDB server via PHP Driver",
                "php-amqplib/php-amqplib": "Allow sending log messages to an AMQP server using php-amqplib",
                "php-console/php-console": "Allow sending log messages to Google Chrome",
                "rollbar/rollbar": "Allow sending log messages to Rollbar",
                "ruflin/elastica": "Allow sending log messages to an Elastic Search server",
                "sentry/sentry": "Allow sending log messages to a Sentry server"
            },
            "type": "library",
            "autoload": {
                "psr-4": {
                    "Monolog\\": "src/Monolog"
                }
            },
            "notification-url": "https://packagist.org/downloads/",
            "license": [
                "MIT"
            ],
            "authors": [
                {
                    "name": "Jordi Boggiano",
                    "email": "j.boggiano@seld.be",
                    "homepage": "http://seld.be"
                }
            ],
            "description": "Sends your logs to files, sockets, inboxes, databases and various web services",
            "homepage": "http://github.com/Seldaek/monolog",
            "keywords": [
                "log",
                "logging",
                "psr-3"
            ],
            "support": {
                "issues": "https://github.com/Seldaek/monolog/issues",
                "source": "https://github.com/Seldaek/monolog/tree/1.26.1"
            },
            "funding": [
                {
                    "url": "https://github.com/Seldaek",
                    "type": "github"
                },
                {
                    "url": "https://tidelift.com/funding/github/packagist/monolog/monolog",
                    "type": "tidelift"
                }
            ],
            "time": "2021-05-28T08:32:12+00:00"
        },
        {
            "name": "nguyenanhung/codeigniter-basic-helper",
            "version": "v1.0.6",
            "source": {
                "type": "git",
                "url": "https://github.com/nguyenanhung/codeigniter-basic-helper.git",
                "reference": "7ae87886be2cc16466eb38ebec95a0ec1bf55451"
            },
            "dist": {
                "type": "zip",
                "url": "https://api.github.com/repos/nguyenanhung/codeigniter-basic-helper/zipball/7ae87886be2cc16466eb38ebec95a0ec1bf55451",
                "reference": "7ae87886be2cc16466eb38ebec95a0ec1bf55451",
                "shasum": ""
            },
            "require": {
                "ext-curl": "*",
                "ext-json": "*",
                "php": ">=5.4"
            },
            "suggest": {
                "ext-curl": "Need support CURL",
                "ext-json": "Need support JSON",
                "hidehalo/nanoid-php": "Need support for helper function randomNanoId()"
            },
            "type": "library",
            "autoload": {
                "psr-4": {
                    "nguyenanhung\\CodeIgniter\\BasicHelper\\": "src/"
                },
                "files": [
                    "helpers/helpers.php",
                    "helpers/image_helper.php",
                    "helpers/ip_helper.php",
                    "helpers/assets_helper.php",
                    "helpers/array_helper.php",
                    "helpers/debug_helper.php",
                    "helpers/alphaid_helper.php",
                    "helpers/nanoid_helper.php",
                    "helpers/uuid_helper.php",
                    "helpers/xml_helper.php",
                    "helpers/html_helper.php",
                    "helpers/text_helper.php",
                    "helpers/url_helper.php",
                    "helpers/common_helper.php",
                    "helpers/file_helper.php",
                    "helpers/paging_helper.php",
                    "helpers/tinyurl_helper.php",
                    "helpers/meta_helper.php"
                ]
            },
            "notification-url": "https://packagist.org/downloads/",
            "license": [
                "GPL-3.0"
            ],
            "authors": [
                {
                    "name": "Nguyen An Hung",
                    "email": "dev@nguyenanhung.com",
                    "homepage": "https://nguyenanhung.com",
                    "role": "Developer"
                }
            ],
            "description": "CodeIgniter - Basic Helper",
            "homepage": "https://github.com/nguyenanhung/codeigniter-basic-helper",
            "keywords": [
                "codeigniter",
                "helper",
                "php"
            ],
            "support": {
                "issues": "https://github.com/nguyenanhung/codeigniter-basic-helper/issues",
                "source": "https://github.com/nguyenanhung/codeigniter-basic-helper/tree/v1.0.6"
            },
            "time": "2021-09-14T18:04:57+00:00"
        },
        {
            "name": "nguyenanhung/codeigniter-framework",
            "version": "v3.1.12.1",
            "source": {
                "type": "git",
                "url": "https://github.com/nguyenanhung/codeigniter-framework.git",
                "reference": "25dcf7840bcb85749bae213f726b851a767b75ec"
            },
            "dist": {
                "type": "zip",
                "url": "https://api.github.com/repos/nguyenanhung/codeigniter-framework/zipball/25dcf7840bcb85749bae213f726b851a767b75ec",
                "reference": "25dcf7840bcb85749bae213f726b851a767b75ec",
                "shasum": ""
            },
            "require": {
                "nguyenanhung/codeigniter-basic-helper": "^1.0",
                "php": ">=5.6"
            },
            "type": "library",
            "autoload": {
                "classmap": [
                    "hungng/"
                ]
            },
            "notification-url": "https://packagist.org/downloads/",
            "license": [
                "MIT"
            ],
            "authors": [
                {
                    "name": "Nguyen An Hung",
                    "email": "dev@nguyenanhung.com",
                    "homepage": "https://nguyenanhung.com",
                    "role": "Developer"
                }
            ],
            "description": "The CodeIgniter framework - v3.1.11",
            "homepage": "https://codeigniter.com",
            "support": {
                "forum": "https://forum.codeigniter.com/",
                "issues": "https://github.com/nguyenanhung/codeigniter-framework/issues",
                "slack": "https://codeigniterchat.slack.com",
                "source": "https://github.com/bcit-ci/CodeIgniter",
                "wiki": "https://github.com/bcit-ci/CodeIgniter/wiki"
            },
            "time": "2021-09-14T16:19:56+00:00"
        },
        {
            "name": "psr/log",
            "version": "1.1.4",
            "source": {
                "type": "git",
                "url": "https://github.com/php-fig/log.git",
                "reference": "d49695b909c3b7628b6289db5479a1c204601f11"
            },
            "dist": {
                "type": "zip",
                "url": "https://api.github.com/repos/php-fig/log/zipball/d49695b909c3b7628b6289db5479a1c204601f11",
                "reference": "d49695b909c3b7628b6289db5479a1c204601f11",
                "shasum": ""
            },
            "require": {
                "php": ">=5.3.0"
            },
            "type": "library",
            "extra": {
                "branch-alias": {
                    "dev-master": "1.1.x-dev"
                }
            },
            "autoload": {
                "psr-4": {
                    "Psr\\Log\\": "Psr/Log/"
                }
            },
            "notification-url": "https://packagist.org/downloads/",
            "license": [
                "MIT"
            ],
            "authors": [
                {
                    "name": "PHP-FIG",
                    "homepage": "https://www.php-fig.org/"
                }
            ],
            "description": "Common interface for logging libraries",
            "homepage": "https://github.com/php-fig/log",
            "keywords": [
                "log",
                "psr",
                "psr-3"
            ],
            "support": {
                "source": "https://github.com/php-fig/log/tree/1.1.4"
            },
            "time": "2021-05-03T11:20:27+00:00"
        }
    ],
    "packages-dev": [
        {
            "name": "kint-php/kint",
            "version": "3.3",
            "source": {
                "type": "git",
                "url": "https://github.com/kint-php/kint.git",
                "reference": "335ac1bcaf04d87df70d8aa51e8887ba2c6d203b"
            },
            "dist": {
                "type": "zip",
                "url": "https://api.github.com/repos/kint-php/kint/zipball/335ac1bcaf04d87df70d8aa51e8887ba2c6d203b",
                "reference": "335ac1bcaf04d87df70d8aa51e8887ba2c6d203b",
                "shasum": ""
            },
            "require": {
                "php": ">=5.3.6"
            },
            "require-dev": {
                "friendsofphp/php-cs-fixer": "^2.0",
                "phpunit/phpunit": "^4.0",
                "seld/phar-utils": "^1.0",
                "symfony/finder": "^2.0 || ^3.0 || ^4.0",
                "vimeo/psalm": "^3.0"
            },
            "suggest": {
                "ext-ctype": "Simple data type tests",
                "ext-iconv": "Provides fallback detection for ambiguous legacy string encodings such as the Windows and ISO 8859 code pages",
                "ext-mbstring": "Provides string encoding detection",
                "kint-php/kint-js": "Provides a simplified dump to console.log()",
                "kint-php/kint-twig": "Provides d() and s() functions in twig templates",
                "symfony/polyfill-ctype": "Replacement for ext-ctype if missing",
                "symfony/polyfill-iconv": "Replacement for ext-iconv if missing",
                "symfony/polyfill-mbstring": "Replacement for ext-mbstring if missing"
            },
            "type": "library",
            "autoload": {
                "files": [
                    "init.php"
                ],
                "psr-4": {
                    "Kint\\": "src/"
                }
            },
            "notification-url": "https://packagist.org/downloads/",
            "license": [
                "MIT"
            ],
            "authors": [
                {
                    "name": "Jonathan Vollebregt",
                    "homepage": "https://github.com/jnvsor"
                },
                {
                    "name": "Rokas Šleinius",
                    "homepage": "https://github.com/raveren"
                },
                {
                    "name": "Contributors",
                    "homepage": "https://github.com/kint-php/kint/graphs/contributors"
                }
            ],
            "description": "Kint - debugging tool for PHP developers",
            "homepage": "https://kint-php.github.io/kint/",
            "keywords": [
                "debug",
                "kint",
                "php"
            ],
            "support": {
                "issues": "https://github.com/kint-php/kint/issues",
                "source": "https://github.com/kint-php/kint/tree/master"
            },
            "time": "2019-10-17T18:05:24+00:00"
        }
    ],
    "aliases": [],
    "minimum-stability": "stable",
    "stability-flags": [],
    "prefer-stable": false,
    "prefer-lowest": false,
    "platform": {
        "php": ">=5.6",
        "ext-json": "*"
    },
    "platform-dev": [],
    "plugin-api-version": "2.1.0"
}
